
Microsoft Visual Studio Solution File, Format Version 12.00
# Visual Studio Version 16
VisualStudioVersion = 16.0.31410.357
MinimumVisualStudioVersion = 10.0.40219.1
Project("{FAE04EC0-301F-11D3-BF4B-00C04F79EFBC}") = "ArraysAsParameters", "ArraysAsParameters\ArraysAsParameters.csproj", "{5D167F53-713A-4A12-A42C-62D71402764C}"
EndProject
Global
	GlobalSection(SolutionConfigurationPlatforms) = preSolution
		Debug|Any CPU = Debug|Any CPU
		Release|Any CPU = Release|Any CPU
	EndGlobalSection
	GlobalSection(ProjectConfigurationPlatforms) = postSolution
		{5D167F53-713A-4A12-A42C-62D71402764C}.Debug|Any CPU.ActiveCfg = Debug|Any CPU
		{5D167F53-713A-4A12-A42C-62D71402764C}.Debug|Any CPU.Build.0 = Debug|Any CPU
		{5D167F53-713A-4A12-A42C-62D71402764C}.Release|Any CPU.ActiveCfg = Release|Any CPU
		{5D167F53-713A-4A12-A42C-62D71402764C}.Release|Any CPU.Build.0 = Release|Any CPU
	EndGlobalSection
	GlobalSection(SolutionProperties) = preSolution
		HideSolutionNode = FALSE
	EndGlobalSection
	GlobalSection(ExtensibilityGlobals) = postSolution
		SolutionGuid = {6AC920EC-1262-4EB0-87E2-DAA1637E3D73}
	EndGlobalSection
EndGlobal
