
Microsoft Visual Studio Solution File, Format Version 12.00
# Visual Studio Version 16
VisualStudioVersion = 16.0.31410.357
MinimumVisualStudioVersion = 10.0.40219.1
Project("{FAE04EC0-301F-11D3-BF4B-00C04F79EFBC}") = "ParamsKeywordExample", "ParamsKeywordExample\ParamsKeywordExample.csproj", "{F259DC74-7ED7-4917-AC14-7FA55C094530}"
EndProject
Global
	GlobalSection(SolutionConfigurationPlatforms) = preSolution
		Debug|Any CPU = Debug|Any CPU
		Release|Any CPU = Release|Any CPU
	EndGlobalSection
	GlobalSection(ProjectConfigurationPlatforms) = postSolution
		{F259DC74-7ED7-4917-AC14-7FA55C094530}.Debug|Any CPU.ActiveCfg = Debug|Any CPU
		{F259DC74-7ED7-4917-AC14-7FA55C094530}.Debug|Any CPU.Build.0 = Debug|Any CPU
		{F259DC74-7ED7-4917-AC14-7FA55C094530}.Release|Any CPU.ActiveCfg = Release|Any CPU
		{F259DC74-7ED7-4917-AC14-7FA55C094530}.Release|Any CPU.Build.0 = Release|Any CPU
	EndGlobalSection
	GlobalSection(SolutionProperties) = preSolution
		HideSolutionNode = FALSE
	EndGlobalSection
	GlobalSection(ExtensibilityGlobals) = postSolution
		SolutionGuid = {9DE1D520-86C9-478D-8D39-F554FAA09F46}
	EndGlobalSection
EndGlobal
